// !$*UTF8*$!
{
	archiveVersion = 1;
	classes = {
	};
	objectVersion = 55;
	objects = {

/* Begin PBXBuildFile section */
		EE35949A27E0AACB00876A7D /* AdaptivePresentationControllerDelegate.swift in Sources */ = {isa = PBXBuildFile; fileRef = EE35949927E0AACB00876A7D /* AdaptivePresentationControllerDelegate.swift */; };
		EE35949C27E0AC8000876A7D /* UIScrollView+Ext.swift in Sources */ = {isa = PBXBuildFile; fileRef = EE35949B27E0AC8000876A7D /* UIScrollView+Ext.swift */; };
		EE3594A027E0B7D100876A7D /* ScrollView + Ext.swift in Sources */ = {isa = PBXBuildFile; fileRef = EE35949F27E0B7D100876A7D /* ScrollView + Ext.swift */; };
		EE4D0D9227E42465007D2918 /* AppHomeCollectionView.swift in Sources */ = {isa = PBXBuildFile; fileRef = EE4D0D9127E42465007D2918 /* AppHomeCollectionView.swift */; };
		EE83C2D427E4259A00CB0C78 /* Reusable in Frameworks */ = {isa = PBXBuildFile; productRef = EE83C2D327E4259A00CB0C78 /* Reusable */; };
		EE83C2D727E425B800CB0C78 /* Differentiator in Frameworks */ = {isa = PBXBuildFile; productRef = EE83C2D627E425B800CB0C78 /* Differentiator */; };
		EE83C2D927E425B800CB0C78 /* RxDataSources in Frameworks */ = {isa = PBXBuildFile; productRef = EE83C2D827E425B800CB0C78 /* RxDataSources */; };
		EE83C2DB27E425B800CB0C78 /* RxDataSources-Dynamic in Frameworks */ = {isa = PBXBuildFile; productRef = EE83C2DA27E425B800CB0C78 /* RxDataSources-Dynamic */; };
		EE9D524327E0DD1A008E9AC2 /* ReactorKit in Frameworks */ = {isa = PBXBuildFile; productRef = EE9D524227E0DD1A008E9AC2 /* ReactorKit */; };
		EE9D524627E0E0BC008E9AC2 /* AppHomeReactor.swift in Sources */ = {isa = PBXBuildFile; fileRef = EE9D524527E0E0BC008E9AC2 /* AppHomeReactor.swift */; };
		EE9F6A3B27DB9356007F5F48 /* BaseViewController.swift in Sources */ = {isa = PBXBuildFile; fileRef = EE9F6A3A27DB9356007F5F48 /* BaseViewController.swift */; };
		EE9F6A3D27DBA0FC007F5F48 /* ViewExt.swift in Sources */ = {isa = PBXBuildFile; fileRef = EE9F6A3C27DBA0FC007F5F48 /* ViewExt.swift */; };
		EEC348D927E18F2300CC9132 /* PanModal in Frameworks */ = {isa = PBXBuildFile; productRef = EEC348D827E18F2300CC9132 /* PanModal */; };
		EEC348DC27E1FE7C00CC9132 /* ImageAddBtn.swift in Sources */ = {isa = PBXBuildFile; fileRef = EEC348DB27E1FE7C00CC9132 /* ImageAddBtn.swift */; };
		EECB9AEF27E02FE000FF2124 /* RxRealm in Frameworks */ = {isa = PBXBuildFile; productRef = EECB9AEE27E02FE000FF2124 /* RxRealm */; };
		EECB9AF427E034C100FF2124 /* RIBs in Frameworks */ = {isa = PBXBuildFile; productRef = EECB9AF327E034C100FF2124 /* RIBs */; };
		EECCF68327DEE7DF00F73854 /* RIBs+Utils.swift in Sources */ = {isa = PBXBuildFile; fileRef = EECCF68227DEE7DF00F73854 /* RIBs+Utils.swift */; };
		EEDBCD1627E2B87100B9B9A3 /* AppRootRouter.swift in Sources */ = {isa = PBXBuildFile; fileRef = EEDBCD1227E2B87100B9B9A3 /* AppRootRouter.swift */; };
		EEDBCD1727E2B87100B9B9A3 /* RootTabBarController.swift in Sources */ = {isa = PBXBuildFile; fileRef = EEDBCD1327E2B87100B9B9A3 /* RootTabBarController.swift */; };
		EEDBCD1827E2B87100B9B9A3 /* AppRootBuilder.swift in Sources */ = {isa = PBXBuildFile; fileRef = EEDBCD1427E2B87100B9B9A3 /* AppRootBuilder.swift */; };
		EEDBCD1927E2B87100B9B9A3 /* AppRootInteractor.swift in Sources */ = {isa = PBXBuildFile; fileRef = EEDBCD1527E2B87100B9B9A3 /* AppRootInteractor.swift */; };
		EEE5E41427DA0F68006FDD9E /* AppComponent.swift in Sources */ = {isa = PBXBuildFile; fileRef = EEE5E41327DA0F68006FDD9E /* AppComponent.swift */; };
		EEEA2C4027D9DCE000356B33 /* AppDelegate.swift in Sources */ = {isa = PBXBuildFile; fileRef = EEEA2C3F27D9DCE000356B33 /* AppDelegate.swift */; };
		EEEA2C4927D9DCE100356B33 /* Assets.xcassets in Resources */ = {isa = PBXBuildFile; fileRef = EEEA2C4827D9DCE100356B33 /* Assets.xcassets */; };
		EEEA2C4C27D9DCE100356B33 /* LaunchScreen.storyboard in Resources */ = {isa = PBXBuildFile; fileRef = EEEA2C4A27D9DCE100356B33 /* LaunchScreen.storyboard */; };
		EEEA2C5827D9E41500356B33 /* RxGesture in Frameworks */ = {isa = PBXBuildFile; productRef = EEEA2C5727D9E41500356B33 /* RxGesture */; };
		EEEA2C5B27D9E42300356B33 /* Then in Frameworks */ = {isa = PBXBuildFile; productRef = EEEA2C5A27D9E42300356B33 /* Then */; };
		EEEA2C6927D9E46F00356B33 /* PinLayout in Frameworks */ = {isa = PBXBuildFile; productRef = EEEA2C6827D9E46F00356B33 /* PinLayout */; };
		EEFA58BC27E2D22900DBB4A8 /* ListHomeRouter.swift in Sources */ = {isa = PBXBuildFile; fileRef = EEFA58B827E2D22900DBB4A8 /* ListHomeRouter.swift */; };
		EEFA58BD27E2D22900DBB4A8 /* ListHomeViewController.swift in Sources */ = {isa = PBXBuildFile; fileRef = EEFA58B927E2D22900DBB4A8 /* ListHomeViewController.swift */; };
		EEFA58BE27E2D22900DBB4A8 /* ListHomeBuilder.swift in Sources */ = {isa = PBXBuildFile; fileRef = EEFA58BA27E2D22900DBB4A8 /* ListHomeBuilder.swift */; };
		EEFA58BF27E2D22900DBB4A8 /* ListHomeInteractor.swift in Sources */ = {isa = PBXBuildFile; fileRef = EEFA58BB27E2D22900DBB4A8 /* ListHomeInteractor.swift */; };
		EEFA58C227E3119500DBB4A8 /* ListHomeReactor.swift in Sources */ = {isa = PBXBuildFile; fileRef = EEFA58C127E3119500DBB4A8 /* ListHomeReactor.swift */; };
		EEFAEADC27DA67B900865B06 /* AppHomeRouter.swift in Sources */ = {isa = PBXBuildFile; fileRef = EEFAEAD827DA67B900865B06 /* AppHomeRouter.swift */; };
		EEFAEADD27DA67B900865B06 /* AppHomeViewController.swift in Sources */ = {isa = PBXBuildFile; fileRef = EEFAEAD927DA67B900865B06 /* AppHomeViewController.swift */; };
		EEFAEADE27DA67B900865B06 /* AppHomeBuilder.swift in Sources */ = {isa = PBXBuildFile; fileRef = EEFAEADA27DA67B900865B06 /* AppHomeBuilder.swift */; };
		EEFAEADF27DA67B900865B06 /* AppHomeInteractor.swift in Sources */ = {isa = PBXBuildFile; fileRef = EEFAEADB27DA67B900865B06 /* AppHomeInteractor.swift */; };
/* End PBXBuildFile section */

/* Begin PBXFileReference section */
		EE35949927E0AACB00876A7D /* AdaptivePresentationControllerDelegate.swift */ = {isa = PBXFileReference; lastKnownFileType = sourcecode.swift; path = AdaptivePresentationControllerDelegate.swift; sourceTree = "<group>"; };
		EE35949B27E0AC8000876A7D /* UIScrollView+Ext.swift */ = {isa = PBXFileReference; lastKnownFileType = sourcecode.swift; path = "UIScrollView+Ext.swift"; sourceTree = "<group>"; };
		EE35949F27E0B7D100876A7D /* ScrollView + Ext.swift */ = {isa = PBXFileReference; lastKnownFileType = sourcecode.swift; path = "ScrollView + Ext.swift"; sourceTree = "<group>"; };
		EE4D0D9127E42465007D2918 /* AppHomeCollectionView.swift */ = {isa = PBXFileReference; lastKnownFileType = sourcecode.swift; path = AppHomeCollectionView.swift; sourceTree = "<group>"; };
		EE9D524527E0E0BC008E9AC2 /* AppHomeReactor.swift */ = {isa = PBXFileReference; lastKnownFileType = sourcecode.swift; path = AppHomeReactor.swift; sourceTree = "<group>"; };
		EE9F6A3A27DB9356007F5F48 /* BaseViewController.swift */ = {isa = PBXFileReference; lastKnownFileType = sourcecode.swift; path = BaseViewController.swift; sourceTree = "<group>"; };
		EE9F6A3C27DBA0FC007F5F48 /* ViewExt.swift */ = {isa = PBXFileReference; lastKnownFileType = sourcecode.swift; path = ViewExt.swift; sourceTree = "<group>"; };
		EEC348DB27E1FE7C00CC9132 /* ImageAddBtn.swift */ = {isa = PBXFileReference; lastKnownFileType = sourcecode.swift; path = ImageAddBtn.swift; sourceTree = "<group>"; };
		EECCF68227DEE7DF00F73854 /* RIBs+Utils.swift */ = {isa = PBXFileReference; lastKnownFileType = sourcecode.swift; path = "RIBs+Utils.swift"; sourceTree = "<group>"; };
		EEDBCD1227E2B87100B9B9A3 /* AppRootRouter.swift */ = {isa = PBXFileReference; lastKnownFileType = sourcecode.swift; path = AppRootRouter.swift; sourceTree = "<group>"; };
		EEDBCD1327E2B87100B9B9A3 /* RootTabBarController.swift */ = {isa = PBXFileReference; lastKnownFileType = sourcecode.swift; path = RootTabBarController.swift; sourceTree = "<group>"; };
		EEDBCD1427E2B87100B9B9A3 /* AppRootBuilder.swift */ = {isa = PBXFileReference; lastKnownFileType = sourcecode.swift; path = AppRootBuilder.swift; sourceTree = "<group>"; };
		EEDBCD1527E2B87100B9B9A3 /* AppRootInteractor.swift */ = {isa = PBXFileReference; lastKnownFileType = sourcecode.swift; path = AppRootInteractor.swift; sourceTree = "<group>"; };
		EEE5E41327DA0F68006FDD9E /* AppComponent.swift */ = {isa = PBXFileReference; lastKnownFileType = sourcecode.swift; path = AppComponent.swift; sourceTree = "<group>"; };
		EEEA2C3C27D9DCE000356B33 /* Picture.app */ = {isa = PBXFileReference; explicitFileType = wrapper.application; includeInIndex = 0; path = Picture.app; sourceTree = BUILT_PRODUCTS_DIR; };
		EEEA2C3F27D9DCE000356B33 /* AppDelegate.swift */ = {isa = PBXFileReference; lastKnownFileType = sourcecode.swift; path = AppDelegate.swift; sourceTree = "<group>"; };
		EEEA2C4827D9DCE100356B33 /* Assets.xcassets */ = {isa = PBXFileReference; lastKnownFileType = folder.assetcatalog; path = Assets.xcassets; sourceTree = "<group>"; };
		EEEA2C4B27D9DCE100356B33 /* Base */ = {isa = PBXFileReference; lastKnownFileType = file.storyboard; name = Base; path = Base.lproj/LaunchScreen.storyboard; sourceTree = "<group>"; };
		EEEA2C4D27D9DCE100356B33 /* Info.plist */ = {isa = PBXFileReference; lastKnownFileType = text.plist.xml; name = Info.plist; path = Picture/Supporting/Info.plist; sourceTree = SOURCE_ROOT; };
		EEFA58B827E2D22900DBB4A8 /* ListHomeRouter.swift */ = {isa = PBXFileReference; lastKnownFileType = sourcecode.swift; path = ListHomeRouter.swift; sourceTree = "<group>"; };
		EEFA58B927E2D22900DBB4A8 /* ListHomeViewController.swift */ = {isa = PBXFileReference; lastKnownFileType = sourcecode.swift; path = ListHomeViewController.swift; sourceTree = "<group>"; };
		EEFA58BA27E2D22900DBB4A8 /* ListHomeBuilder.swift */ = {isa = PBXFileReference; lastKnownFileType = sourcecode.swift; path = ListHomeBuilder.swift; sourceTree = "<group>"; };
		EEFA58BB27E2D22900DBB4A8 /* ListHomeInteractor.swift */ = {isa = PBXFileReference; lastKnownFileType = sourcecode.swift; path = ListHomeInteractor.swift; sourceTree = "<group>"; };
		EEFA58C127E3119500DBB4A8 /* ListHomeReactor.swift */ = {isa = PBXFileReference; lastKnownFileType = sourcecode.swift; path = ListHomeReactor.swift; sourceTree = "<group>"; };
		EEFAEAD827DA67B900865B06 /* AppHomeRouter.swift */ = {isa = PBXFileReference; lastKnownFileType = sourcecode.swift; path = AppHomeRouter.swift; sourceTree = "<group>"; };
		EEFAEAD927DA67B900865B06 /* AppHomeViewController.swift */ = {isa = PBXFileReference; lastKnownFileType = sourcecode.swift; path = AppHomeViewController.swift; sourceTree = "<group>"; };
		EEFAEADA27DA67B900865B06 /* AppHomeBuilder.swift */ = {isa = PBXFileReference; lastKnownFileType = sourcecode.swift; path = AppHomeBuilder.swift; sourceTree = "<group>"; };
		EEFAEADB27DA67B900865B06 /* AppHomeInteractor.swift */ = {isa = PBXFileReference; lastKnownFileType = sourcecode.swift; path = AppHomeInteractor.swift; sourceTree = "<group>"; };
/* End PBXFileReference section */

/* Begin PBXFrameworksBuildPhase section */
		EEEA2C3927D9DCE000356B33 /* Frameworks */ = {
			isa = PBXFrameworksBuildPhase;
			buildActionMask = 2147483647;
			files = (
				EECB9AF427E034C100FF2124 /* RIBs in Frameworks */,
				EEEA2C5827D9E41500356B33 /* RxGesture in Frameworks */,
				EE83C2D727E425B800CB0C78 /* Differentiator in Frameworks */,
				EEEA2C6927D9E46F00356B33 /* PinLayout in Frameworks */,
				EE83C2DB27E425B800CB0C78 /* RxDataSources-Dynamic in Frameworks */,
				EEEA2C5B27D9E42300356B33 /* Then in Frameworks */,
				EE9D524327E0DD1A008E9AC2 /* ReactorKit in Frameworks */,
				EECB9AEF27E02FE000FF2124 /* RxRealm in Frameworks */,
				EE83C2D927E425B800CB0C78 /* RxDataSources in Frameworks */,
				EEC348D927E18F2300CC9132 /* PanModal in Frameworks */,
				EE83C2D427E4259A00CB0C78 /* Reusable in Frameworks */,
			);
			runOnlyForDeploymentPostprocessing = 0;
		};
/* End PBXFrameworksBuildPhase section */

/* Begin PBXGroup section */
		EE35949627E0AA9700876A7D /* Delegate */ = {
			isa = PBXGroup;
			children = (
				EE35949927E0AACB00876A7D /* AdaptivePresentationControllerDelegate.swift */,
			);
			path = Delegate;
			sourceTree = "<group>";
		};
		EE9D524427E0E0A8008E9AC2 /* ReactorKit */ = {
			isa = PBXGroup;
			children = (
				EE9D524527E0E0BC008E9AC2 /* AppHomeReactor.swift */,
			);
			path = ReactorKit;
			sourceTree = "<group>";
		};
		EE9F6A2F27DB8F5A007F5F48 /* RIBs */ = {
			isa = PBXGroup;
			children = (
				EEDBCD1127E2B85A00B9B9A3 /* AppRoot */,
				EEE5E42027DA2116006FDD9E /* AppHome */,
				EEFA58B727E2D1BA00DBB4A8 /* ListHome */,
			);
			path = RIBs;
			sourceTree = "<group>";
		};
		EE9F6A3027DB8F84007F5F48 /* Source */ = {
			isa = PBXGroup;
			children = (
				EEE5E41227D9FFA9006FDD9E /* AppDelegate */,
				EEFA58C427E3528100DBB4A8 /* Model */,
				EE9F6A2F27DB8F5A007F5F48 /* RIBs */,
				EE9F6A3227DB91D9007F5F48 /* Utils */,
				EE9F6A3927DB934C007F5F48 /* Base */,
			);
			path = Source;
			sourceTree = "<group>";
		};
		EE9F6A3227DB91D9007F5F48 /* Utils */ = {
			isa = PBXGroup;
			children = (
				EE35949627E0AA9700876A7D /* Delegate */,
				EE9F6A3327DB9211007F5F48 /* Extension */,
			);
			path = Utils;
			sourceTree = "<group>";
		};
		EE9F6A3327DB9211007F5F48 /* Extension */ = {
			isa = PBXGroup;
			children = (
				EE9F6A3727DB9271007F5F48 /* Foundation */,
				EE9F6A3627DB926B007F5F48 /* UIKit */,
				EE9F6A3527DB9267007F5F48 /* Rx */,
				EECCF68127DEE7C200F73854 /* RIBs */,
			);
			path = Extension;
			sourceTree = "<group>";
		};
		EE9F6A3527DB9267007F5F48 /* Rx */ = {
			isa = PBXGroup;
			children = (
				EE35949B27E0AC8000876A7D /* UIScrollView+Ext.swift */,
			);
			path = Rx;
			sourceTree = "<group>";
		};
		EE9F6A3627DB926B007F5F48 /* UIKit */ = {
			isa = PBXGroup;
			children = (
				EE9F6A3C27DBA0FC007F5F48 /* ViewExt.swift */,
				EE35949F27E0B7D100876A7D /* ScrollView + Ext.swift */,
			);
			path = UIKit;
			sourceTree = "<group>";
		};
		EE9F6A3727DB9271007F5F48 /* Foundation */ = {
			isa = PBXGroup;
			children = (
			);
			path = Foundation;
			sourceTree = "<group>";
		};
		EE9F6A3927DB934C007F5F48 /* Base */ = {
			isa = PBXGroup;
			children = (
				EE9F6A3A27DB9356007F5F48 /* BaseViewController.swift */,
			);
			path = Base;
			sourceTree = "<group>";
		};
		EEC348DA27E1FE6900CC9132 /* View */ = {
			isa = PBXGroup;
			children = (
				EEC348DB27E1FE7C00CC9132 /* ImageAddBtn.swift */,
				EE4D0D9127E42465007D2918 /* AppHomeCollectionView.swift */,
			);
			path = View;
			sourceTree = "<group>";
		};
		EECCF68127DEE7C200F73854 /* RIBs */ = {
			isa = PBXGroup;
			children = (
				EECCF68227DEE7DF00F73854 /* RIBs+Utils.swift */,
			);
			path = RIBs;
			sourceTree = "<group>";
		};
		EEDBCD1127E2B85A00B9B9A3 /* AppRoot */ = {
			isa = PBXGroup;
			children = (
				EEDBCD1227E2B87100B9B9A3 /* AppRootRouter.swift */,
				EEDBCD1327E2B87100B9B9A3 /* RootTabBarController.swift */,
				EEDBCD1427E2B87100B9B9A3 /* AppRootBuilder.swift */,
				EEDBCD1527E2B87100B9B9A3 /* AppRootInteractor.swift */,
			);
			path = AppRoot;
			sourceTree = "<group>";
		};
		EEE5E41227D9FFA9006FDD9E /* AppDelegate */ = {
			isa = PBXGroup;
			children = (
				EEEA2C3F27D9DCE000356B33 /* AppDelegate.swift */,
				EEE5E41327DA0F68006FDD9E /* AppComponent.swift */,
			);
			path = AppDelegate;
			sourceTree = "<group>";
		};
		EEE5E41E27DA1079006FDD9E /* Supporting */ = {
			isa = PBXGroup;
			children = (
				EEEA2C4D27D9DCE100356B33 /* Info.plist */,
			);
			path = Supporting;
			sourceTree = "<group>";
		};
		EEE5E41F27DA10A3006FDD9E /* Resources */ = {
			isa = PBXGroup;
			children = (
				EEEA2C4827D9DCE100356B33 /* Assets.xcassets */,
				EEEA2C4A27D9DCE100356B33 /* LaunchScreen.storyboard */,
			);
			path = Resources;
			sourceTree = "<group>";
		};
		EEE5E42027DA2116006FDD9E /* AppHome */ = {
			isa = PBXGroup;
			children = (
				EEC348DA27E1FE6900CC9132 /* View */,
				EE9D524427E0E0A8008E9AC2 /* ReactorKit */,
				EEFAEAD827DA67B900865B06 /* AppHomeRouter.swift */,
				EEFAEAD927DA67B900865B06 /* AppHomeViewController.swift */,
				EEFAEADA27DA67B900865B06 /* AppHomeBuilder.swift */,
				EEFAEADB27DA67B900865B06 /* AppHomeInteractor.swift */,
			);
			path = AppHome;
			sourceTree = "<group>";
		};
		EEEA2C3327D9DCE000356B33 = {
			isa = PBXGroup;
			children = (
				EEEA2C3E27D9DCE000356B33 /* Picture */,
				EEEA2C3D27D9DCE000356B33 /* Products */,
			);
			sourceTree = "<group>";
		};
		EEEA2C3D27D9DCE000356B33 /* Products */ = {
			isa = PBXGroup;
			children = (
				EEEA2C3C27D9DCE000356B33 /* Picture.app */,
			);
			name = Products;
			sourceTree = "<group>";
		};
		EEEA2C3E27D9DCE000356B33 /* Picture */ = {
			isa = PBXGroup;
			children = (
				EE9F6A3027DB8F84007F5F48 /* Source */,
				EEE5E41F27DA10A3006FDD9E /* Resources */,
				EEE5E41E27DA1079006FDD9E /* Supporting */,
			);
			path = Picture;
			sourceTree = "<group>";
		};
		EEFA58B727E2D1BA00DBB4A8 /* ListHome */ = {
			isa = PBXGroup;
			children = (
				EEFA58C327E3515E00DBB4A8 /* View */,
				EEFA58C027E3106200DBB4A8 /* ReactorKit */,
				EEFA58B827E2D22900DBB4A8 /* ListHomeRouter.swift */,
				EEFA58B927E2D22900DBB4A8 /* ListHomeViewController.swift */,
				EEFA58BA27E2D22900DBB4A8 /* ListHomeBuilder.swift */,
				EEFA58BB27E2D22900DBB4A8 /* ListHomeInteractor.swift */,
			);
			path = ListHome;
			sourceTree = "<group>";
		};
		EEFA58C027E3106200DBB4A8 /* ReactorKit */ = {
			isa = PBXGroup;
			children = (
				EEFA58C127E3119500DBB4A8 /* ListHomeReactor.swift */,
			);
			path = ReactorKit;
			sourceTree = "<group>";
		};
		EEFA58C327E3515E00DBB4A8 /* View */ = {
			isa = PBXGroup;
			children = (
			);
			path = View;
			sourceTree = "<group>";
		};
		EEFA58C427E3528100DBB4A8 /* Model */ = {
			isa = PBXGroup;
			children = (
			);
			path = Model;
			sourceTree = "<group>";
		};
/* End PBXGroup section */

/* Begin PBXNativeTarget section */
		EEEA2C3B27D9DCE000356B33 /* Picture */ = {
			isa = PBXNativeTarget;
			buildConfigurationList = EEEA2C5027D9DCE100356B33 /* Build configuration list for PBXNativeTarget "Picture" */;
			buildPhases = (
				EEEA2C3827D9DCE000356B33 /* Sources */,
				EEEA2C3927D9DCE000356B33 /* Frameworks */,
				EEEA2C3A27D9DCE000356B33 /* Resources */,
			);
			buildRules = (
			);
			dependencies = (
			);
			name = Picture;
			packageProductDependencies = (
				EEEA2C5727D9E41500356B33 /* RxGesture */,
				EEEA2C5A27D9E42300356B33 /* Then */,
				EEEA2C6827D9E46F00356B33 /* PinLayout */,
				EECB9AEE27E02FE000FF2124 /* RxRealm */,
				EECB9AF327E034C100FF2124 /* RIBs */,
				EE9D524227E0DD1A008E9AC2 /* ReactorKit */,
				EEC348D827E18F2300CC9132 /* PanModal */,
				EE83C2D327E4259A00CB0C78 /* Reusable */,
				EE83C2D627E425B800CB0C78 /* Differentiator */,
				EE83C2D827E425B800CB0C78 /* RxDataSources */,
				EE83C2DA27E425B800CB0C78 /* RxDataSources-Dynamic */,
			);
			productName = Picture;
			productReference = EEEA2C3C27D9DCE000356B33 /* Picture.app */;
			productType = "com.apple.product-type.application";
		};
/* End PBXNativeTarget section */

/* Begin PBXProject section */
		EEEA2C3427D9DCE000356B33 /* Project object */ = {
			isa = PBXProject;
			attributes = {
				BuildIndependentTargetsInParallel = 1;
				LastSwiftUpdateCheck = 1320;
				LastUpgradeCheck = 1320;
				TargetAttributes = {
					EEEA2C3B27D9DCE000356B33 = {
						CreatedOnToolsVersion = 13.2.1;
					};
				};
			};
			buildConfigurationList = EEEA2C3727D9DCE000356B33 /* Build configuration list for PBXProject "Picture" */;
			compatibilityVersion = "Xcode 13.0";
			developmentRegion = en;
			hasScannedForEncodings = 0;
			knownRegions = (
				en,
				Base,
			);
			mainGroup = EEEA2C3327D9DCE000356B33;
			packageReferences = (
				EEEA2C5627D9E41500356B33 /* XCRemoteSwiftPackageReference "RxGesture" */,
				EEEA2C5927D9E42300356B33 /* XCRemoteSwiftPackageReference "Then" */,
				EEEA2C6727D9E46F00356B33 /* XCRemoteSwiftPackageReference "PinLayout" */,
				EECB9AED27E02FE000FF2124 /* XCRemoteSwiftPackageReference "RxRealm" */,
				EECB9AF227E034C000FF2124 /* XCRemoteSwiftPackageReference "RIBs" */,
				EE9D524127E0DD1A008E9AC2 /* XCRemoteSwiftPackageReference "ReactorKit" */,
				EEC348D727E18F2300CC9132 /* XCRemoteSwiftPackageReference "PanModal" */,
				EE83C2D227E4259A00CB0C78 /* XCRemoteSwiftPackageReference "Reusable" */,
				EE83C2D527E425B800CB0C78 /* XCRemoteSwiftPackageReference "RxDataSources" */,
			);
			productRefGroup = EEEA2C3D27D9DCE000356B33 /* Products */;
			projectDirPath = "";
			projectRoot = "";
			targets = (
				EEEA2C3B27D9DCE000356B33 /* Picture */,
			);
		};
/* End PBXProject section */

/* Begin PBXResourcesBuildPhase section */
		EEEA2C3A27D9DCE000356B33 /* Resources */ = {
			isa = PBXResourcesBuildPhase;
			buildActionMask = 2147483647;
			files = (
				EEEA2C4C27D9DCE100356B33 /* LaunchScreen.storyboard in Resources */,
				EEEA2C4927D9DCE100356B33 /* Assets.xcassets in Resources */,
			);
			runOnlyForDeploymentPostprocessing = 0;
		};
/* End PBXResourcesBuildPhase section */

/* Begin PBXSourcesBuildPhase section */
		EEEA2C3827D9DCE000356B33 /* Sources */ = {
			isa = PBXSourcesBuildPhase;
			buildActionMask = 2147483647;
			files = (
				EEC348DC27E1FE7C00CC9132 /* ImageAddBtn.swift in Sources */,
				EECCF68327DEE7DF00F73854 /* RIBs+Utils.swift in Sources */,
				EEFA58C227E3119500DBB4A8 /* ListHomeReactor.swift in Sources */,
				EEFAEADC27DA67B900865B06 /* AppHomeRouter.swift in Sources */,
				EEFAEADE27DA67B900865B06 /* AppHomeBuilder.swift in Sources */,
				EE9D524627E0E0BC008E9AC2 /* AppHomeReactor.swift in Sources */,
				EEDBCD1627E2B87100B9B9A3 /* AppRootRouter.swift in Sources */,
				EEFA58BC27E2D22900DBB4A8 /* ListHomeRouter.swift in Sources */,
				EE9F6A3B27DB9356007F5F48 /* BaseViewController.swift in Sources */,
				EE9F6A3D27DBA0FC007F5F48 /* ViewExt.swift in Sources */,
				EEFA58BF27E2D22900DBB4A8 /* ListHomeInteractor.swift in Sources */,
				EEDBCD1927E2B87100B9B9A3 /* AppRootInteractor.swift in Sources */,
				EEFA58BE27E2D22900DBB4A8 /* ListHomeBuilder.swift in Sources */,
				EEFAEADF27DA67B900865B06 /* AppHomeInteractor.swift in Sources */,
				EE3594A027E0B7D100876A7D /* ScrollView + Ext.swift in Sources */,
				EE4D0D9227E42465007D2918 /* AppHomeCollectionView.swift in Sources */,
				EEDBCD1727E2B87100B9B9A3 /* RootTabBarController.swift in Sources */,
				EEEA2C4027D9DCE000356B33 /* AppDelegate.swift in Sources */,
				EE35949A27E0AACB00876A7D /* AdaptivePresentationControllerDelegate.swift in Sources */,
				EEDBCD1827E2B87100B9B9A3 /* AppRootBuilder.swift in Sources */,
				EEE5E41427DA0F68006FDD9E /* AppComponent.swift in Sources */,
				EEFAEADD27DA67B900865B06 /* AppHomeViewController.swift in Sources */,
				EE35949C27E0AC8000876A7D /* UIScrollView+Ext.swift in Sources */,
				EEFA58BD27E2D22900DBB4A8 /* ListHomeViewController.swift in Sources */,
			);
			runOnlyForDeploymentPostprocessing = 0;
		};
/* End PBXSourcesBuildPhase section */

/* Begin PBXVariantGroup section */
		EEEA2C4A27D9DCE100356B33 /* LaunchScreen.storyboard */ = {
			isa = PBXVariantGroup;
			children = (
				EEEA2C4B27D9DCE100356B33 /* Base */,
			);
			name = LaunchScreen.storyboard;
			sourceTree = "<group>";
		};
/* End PBXVariantGroup section */

/* Begin XCBuildConfiguration section */
		EEEA2C4E27D9DCE100356B33 /* Debug */ = {
			isa = XCBuildConfiguration;
			buildSettings = {
				ALWAYS_SEARCH_USER_PATHS = NO;
				CLANG_ANALYZER_NONNULL = YES;
				CLANG_ANALYZER_NUMBER_OBJECT_CONVERSION = YES_AGGRESSIVE;
				CLANG_CXX_LANGUAGE_STANDARD = "gnu++17";
				CLANG_CXX_LIBRARY = "libc++";
				CLANG_ENABLE_MODULES = YES;
				CLANG_ENABLE_OBJC_ARC = YES;
				CLANG_ENABLE_OBJC_WEAK = YES;
				CLANG_WARN_BLOCK_CAPTURE_AUTORELEASING = YES;
				CLANG_WARN_BOOL_CONVERSION = YES;
				CLANG_WARN_COMMA = YES;
				CLANG_WARN_CONSTANT_CONVERSION = YES;
				CLANG_WARN_DEPRECATED_OBJC_IMPLEMENTATIONS = YES;
				CLANG_WARN_DIRECT_OBJC_ISA_USAGE = YES_ERROR;
				CLANG_WARN_DOCUMENTATION_COMMENTS = YES;
				CLANG_WARN_EMPTY_BODY = YES;
				CLANG_WARN_ENUM_CONVERSION = YES;
				CLANG_WARN_INFINITE_RECURSION = YES;
				CLANG_WARN_INT_CONVERSION = YES;
				CLANG_WARN_NON_LITERAL_NULL_CONVERSION = YES;
				CLANG_WARN_OBJC_IMPLICIT_RETAIN_SELF = YES;
				CLANG_WARN_OBJC_LITERAL_CONVERSION = YES;
				CLANG_WARN_OBJC_ROOT_CLASS = YES_ERROR;
				CLANG_WARN_QUOTED_INCLUDE_IN_FRAMEWORK_HEADER = YES;
				CLANG_WARN_RANGE_LOOP_ANALYSIS = YES;
				CLANG_WARN_STRICT_PROTOTYPES = YES;
				CLANG_WARN_SUSPICIOUS_MOVE = YES;
				CLANG_WARN_UNGUARDED_AVAILABILITY = YES_AGGRESSIVE;
				CLANG_WARN_UNREACHABLE_CODE = YES;
				CLANG_WARN__DUPLICATE_METHOD_MATCH = YES;
				COPY_PHASE_STRIP = NO;
				DEBUG_INFORMATION_FORMAT = dwarf;
				ENABLE_STRICT_OBJC_MSGSEND = YES;
				ENABLE_TESTABILITY = YES;
				GCC_C_LANGUAGE_STANDARD = gnu11;
				GCC_DYNAMIC_NO_PIC = NO;
				GCC_NO_COMMON_BLOCKS = YES;
				GCC_OPTIMIZATION_LEVEL = 0;
				GCC_PREPROCESSOR_DEFINITIONS = (
					"DEBUG=1",
					"$(inherited)",
				);
				GCC_WARN_64_TO_32_BIT_CONVERSION = YES;
				GCC_WARN_ABOUT_RETURN_TYPE = YES_ERROR;
				GCC_WARN_UNDECLARED_SELECTOR = YES;
				GCC_WARN_UNINITIALIZED_AUTOS = YES_AGGRESSIVE;
				GCC_WARN_UNUSED_FUNCTION = YES;
				GCC_WARN_UNUSED_VARIABLE = YES;
				IPHONEOS_DEPLOYMENT_TARGET = 15.2;
				MTL_ENABLE_DEBUG_INFO = INCLUDE_SOURCE;
				MTL_FAST_MATH = YES;
				ONLY_ACTIVE_ARCH = YES;
				SDKROOT = iphoneos;
				SWIFT_ACTIVE_COMPILATION_CONDITIONS = DEBUG;
				SWIFT_OPTIMIZATION_LEVEL = "-Onone";
			};
			name = Debug;
		};
		EEEA2C4F27D9DCE100356B33 /* Release */ = {
			isa = XCBuildConfiguration;
			buildSettings = {
				ALWAYS_SEARCH_USER_PATHS = NO;
				CLANG_ANALYZER_NONNULL = YES;
				CLANG_ANALYZER_NUMBER_OBJECT_CONVERSION = YES_AGGRESSIVE;
				CLANG_CXX_LANGUAGE_STANDARD = "gnu++17";
				CLANG_CXX_LIBRARY = "libc++";
				CLANG_ENABLE_MODULES = YES;
				CLANG_ENABLE_OBJC_ARC = YES;
				CLANG_ENABLE_OBJC_WEAK = YES;
				CLANG_WARN_BLOCK_CAPTURE_AUTORELEASING = YES;
				CLANG_WARN_BOOL_CONVERSION = YES;
				CLANG_WARN_COMMA = YES;
				CLANG_WARN_CONSTANT_CONVERSION = YES;
				CLANG_WARN_DEPRECATED_OBJC_IMPLEMENTATIONS = YES;
				CLANG_WARN_DIRECT_OBJC_ISA_USAGE = YES_ERROR;
				CLANG_WARN_DOCUMENTATION_COMMENTS = YES;
				CLANG_WARN_EMPTY_BODY = YES;
				CLANG_WARN_ENUM_CONVERSION = YES;
				CLANG_WARN_INFINITE_RECURSION = YES;
				CLANG_WARN_INT_CONVERSION = YES;
				CLANG_WARN_NON_LITERAL_NULL_CONVERSION = YES;
				CLANG_WARN_OBJC_IMPLICIT_RETAIN_SELF = YES;
				CLANG_WARN_OBJC_LITERAL_CONVERSION = YES;
				CLANG_WARN_OBJC_ROOT_CLASS = YES_ERROR;
				CLANG_WARN_QUOTED_INCLUDE_IN_FRAMEWORK_HEADER = YES;
				CLANG_WARN_RANGE_LOOP_ANALYSIS = YES;
				CLANG_WARN_STRICT_PROTOTYPES = YES;
				CLANG_WARN_SUSPICIOUS_MOVE = YES;
				CLANG_WARN_UNGUARDED_AVAILABILITY = YES_AGGRESSIVE;
				CLANG_WARN_UNREACHABLE_CODE = YES;
				CLANG_WARN__DUPLICATE_METHOD_MATCH = YES;
				COPY_PHASE_STRIP = NO;
				DEBUG_INFORMATION_FORMAT = "dwarf-with-dsym";
				ENABLE_NS_ASSERTIONS = NO;
				ENABLE_STRICT_OBJC_MSGSEND = YES;
				GCC_C_LANGUAGE_STANDARD = gnu11;
				GCC_NO_COMMON_BLOCKS = YES;
				GCC_WARN_64_TO_32_BIT_CONVERSION = YES;
				GCC_WARN_ABOUT_RETURN_TYPE = YES_ERROR;
				GCC_WARN_UNDECLARED_SELECTOR = YES;
				GCC_WARN_UNINITIALIZED_AUTOS = YES_AGGRESSIVE;
				GCC_WARN_UNUSED_FUNCTION = YES;
				GCC_WARN_UNUSED_VARIABLE = YES;
				IPHONEOS_DEPLOYMENT_TARGET = 15.2;
				MTL_ENABLE_DEBUG_INFO = NO;
				MTL_FAST_MATH = YES;
				SDKROOT = iphoneos;
				SWIFT_COMPILATION_MODE = wholemodule;
				SWIFT_OPTIMIZATION_LEVEL = "-O";
				VALIDATE_PRODUCT = YES;
			};
			name = Release;
		};
		EEEA2C5127D9DCE100356B33 /* Debug */ = {
			isa = XCBuildConfiguration;
			buildSettings = {
				ASSETCATALOG_COMPILER_APPICON_NAME = AppIcon;
				ASSETCATALOG_COMPILER_GLOBAL_ACCENT_COLOR_NAME = AccentColor;
				CODE_SIGN_STYLE = Automatic;
				CURRENT_PROJECT_VERSION = 1;
				DEVELOPMENT_TEAM = 7JA353ZJMP;
				GENERATE_INFOPLIST_FILE = YES;
				INFOPLIST_FILE = Picture/Supporting/Info.plist;
				INFOPLIST_KEY_UIApplicationSupportsIndirectInputEvents = YES;
				INFOPLIST_KEY_UILaunchStoryboardName = LaunchScreen;
				INFOPLIST_KEY_UISupportedInterfaceOrientations = UIInterfaceOrientationPortrait;
				INFOPLIST_KEY_UISupportedInterfaceOrientations_iPad = "UIInterfaceOrientationPortrait UIInterfaceOrientationPortraitUpsideDown UIInterfaceOrientationLandscapeLeft UIInterfaceOrientationLandscapeRight";
				INFOPLIST_KEY_UISupportedInterfaceOrientations_iPhone = "UIInterfaceOrientationPortrait UIInterfaceOrientationLandscapeLeft UIInterfaceOrientationLandscapeRight";
				LD_RUNPATH_SEARCH_PATHS = (
					"$(inherited)",
					"@executable_path/Frameworks",
				);
				MARKETING_VERSION = 1.0;
				PRODUCT_BUNDLE_IDENTIFIER = JiHoonAHN.Picture;
				PRODUCT_NAME = "$(TARGET_NAME)";
				SWIFT_EMIT_LOC_STRINGS = YES;
				SWIFT_VERSION = 5.0;
				TARGETED_DEVICE_FAMILY = "1,2";
			};
			name = Debug;
		};
		EEEA2C5227D9DCE100356B33 /* Release */ = {
			isa = XCBuildConfiguration;
			buildSettings = {
				ASSETCATALOG_COMPILER_APPICON_NAME = AppIcon;
				ASSETCATALOG_COMPILER_GLOBAL_ACCENT_COLOR_NAME = AccentColor;
				CODE_SIGN_STYLE = Automatic;
				CURRENT_PROJECT_VERSION = 1;
				DEVELOPMENT_TEAM = 7JA353ZJMP;
				GENERATE_INFOPLIST_FILE = YES;
				INFOPLIST_FILE = Picture/Supporting/Info.plist;
				INFOPLIST_KEY_UIApplicationSupportsIndirectInputEvents = YES;
				INFOPLIST_KEY_UILaunchStoryboardName = LaunchScreen;
				INFOPLIST_KEY_UISupportedInterfaceOrientations = UIInterfaceOrientationPortrait;
				INFOPLIST_KEY_UISupportedInterfaceOrientations_iPad = "UIInterfaceOrientationPortrait UIInterfaceOrientationPortraitUpsideDown UIInterfaceOrientationLandscapeLeft UIInterfaceOrientationLandscapeRight";
				INFOPLIST_KEY_UISupportedInterfaceOrientations_iPhone = "UIInterfaceOrientationPortrait UIInterfaceOrientationLandscapeLeft UIInterfaceOrientationLandscapeRight";
				LD_RUNPATH_SEARCH_PATHS = (
					"$(inherited)",
					"@executable_path/Frameworks",
				);
				MARKETING_VERSION = 1.0;
				PRODUCT_BUNDLE_IDENTIFIER = JiHoonAHN.Picture;
				PRODUCT_NAME = "$(TARGET_NAME)";
				SWIFT_EMIT_LOC_STRINGS = YES;
				SWIFT_VERSION = 5.0;
				TARGETED_DEVICE_FAMILY = "1,2";
			};
			name = Release;
		};
/* End XCBuildConfiguration section */

/* Begin XCConfigurationList section */
		EEEA2C3727D9DCE000356B33 /* Build configuration list for PBXProject "Picture" */ = {
			isa = XCConfigurationList;
			buildConfigurations = (
				EEEA2C4E27D9DCE100356B33 /* Debug */,
				EEEA2C4F27D9DCE100356B33 /* Release */,
			);
			defaultConfigurationIsVisible = 0;
			defaultConfigurationName = Release;
		};
		EEEA2C5027D9DCE100356B33 /* Build configuration list for PBXNativeTarget "Picture" */ = {
			isa = XCConfigurationList;
			buildConfigurations = (
				EEEA2C5127D9DCE100356B33 /* Debug */,
				EEEA2C5227D9DCE100356B33 /* Release */,
			);
			defaultConfigurationIsVisible = 0;
			defaultConfigurationName = Release;
		};
/* End XCConfigurationList section */

/* Begin XCRemoteSwiftPackageReference section */
		EE83C2D227E4259A00CB0C78 /* XCRemoteSwiftPackageReference "Reusable" */ = {
			isa = XCRemoteSwiftPackageReference;
			repositoryURL = "https://github.com/AliSoftware/Reusable.git";
			requirement = {
				branch = main;
				kind = branch;
			};
		};
		EE83C2D527E425B800CB0C78 /* XCRemoteSwiftPackageReference "RxDataSources" */ = {
			isa = XCRemoteSwiftPackageReference;
			repositoryURL = "https://github.com/RxSwiftCommunity/RxDataSources.git";
			requirement = {
				branch = main;
				kind = branch;
			};
		};
		EE9D524127E0DD1A008E9AC2 /* XCRemoteSwiftPackageReference "ReactorKit" */ = {
			isa = XCRemoteSwiftPackageReference;
			repositoryURL = "https://github.com/ReactorKit/ReactorKit.git";
			requirement = {
				branch = master;
				kind = branch;
			};
		};
		EEC348D727E18F2300CC9132 /* XCRemoteSwiftPackageReference "PanModal" */ = {
			isa = XCRemoteSwiftPackageReference;
			repositoryURL = "https://github.com/slackhq/PanModal.git";
			requirement = {
				branch = master;
				kind = branch;
			};
		};
		EECB9AED27E02FE000FF2124 /* XCRemoteSwiftPackageReference "RxRealm" */ = {
			isa = XCRemoteSwiftPackageReference;
			repositoryURL = "https://github.com/RxSwiftCommunity/RxRealm.git";
			requirement = {
				branch = main;
				kind = branch;
			};
		};
		EECB9AF227E034C000FF2124 /* XCRemoteSwiftPackageReference "RIBs" */ = {
			isa = XCRemoteSwiftPackageReference;
			repositoryURL = "https://github.com/uber/RIBs.git";
			requirement = {
				branch = master;
				kind = branch;
			};
		};
		EEEA2C5627D9E41500356B33 /* XCRemoteSwiftPackageReference "RxGesture" */ = {
			isa = XCRemoteSwiftPackageReference;
			repositoryURL = "https://github.com/RxSwiftCommunity/RxGesture.git";
			requirement = {
				branch = main;
				kind = branch;
			};
		};
		EEEA2C5927D9E42300356B33 /* XCRemoteSwiftPackageReference "Then" */ = {
			isa = XCRemoteSwiftPackageReference;
			repositoryURL = "https://github.com/devxoul/Then";
			requirement = {
				branch = master;
				kind = branch;
			};
		};
		EEEA2C6727D9E46F00356B33 /* XCRemoteSwiftPackageReference "PinLayout" */ = {
			isa = XCRemoteSwiftPackageReference;
			repositoryURL = "https://github.com/layoutBox/PinLayout.git";
			requirement = {
				branch = master;
				kind = branch;
			};
		};
/* End XCRemoteSwiftPackageReference section */

/* Begin XCSwiftPackageProductDependency section */
		EE83C2D327E4259A00CB0C78 /* Reusable */ = {
			isa = XCSwiftPackageProductDependency;
			package = EE83C2D227E4259A00CB0C78 /* XCRemoteSwiftPackageReference "Reusable" */;
			productName = Reusable;
		};
		EE83C2D627E425B800CB0C78 /* Differentiator */ = {
			isa = XCSwiftPackageProductDependency;
			package = EE83C2D527E425B800CB0C78 /* XCRemoteSwiftPackageReference "RxDataSources" */;
			productName = Differentiator;
		};
		EE83C2D827E425B800CB0C78 /* RxDataSources */ = {
			isa = XCSwiftPackageProductDependency;
			package = EE83C2D527E425B800CB0C78 /* XCRemoteSwiftPackageReference "RxDataSources" */;
			productName = RxDataSources;
		};
		EE83C2DA27E425B800CB0C78 /* RxDataSources-Dynamic */ = {
			isa = XCSwiftPackageProductDependency;
			package = EE83C2D527E425B800CB0C78 /* XCRemoteSwiftPackageReference "RxDataSources" */;
			productName = "RxDataSources-Dynamic";
		};
		EE9D524227E0DD1A008E9AC2 /* ReactorKit */ = {
			isa = XCSwiftPackageProductDependency;
			package = EE9D524127E0DD1A008E9AC2 /* XCRemoteSwiftPackageReference "ReactorKit" */;
			productName = ReactorKit;
		};
		EEC348D827E18F2300CC9132 /* PanModal */ = {
			isa = XCSwiftPackageProductDependency;
			package = EEC348D727E18F2300CC9132 /* XCRemoteSwiftPackageReference "PanModal" */;
			productName = PanModal;
		};
		EECB9AEE27E02FE000FF2124 /* RxRealm */ = {
			isa = XCSwiftPackageProductDependency;
			package = EECB9AED27E02FE000FF2124 /* XCRemoteSwiftPackageReference "RxRealm" */;
			productName = RxRealm;
		};
		EECB9AF327E034C100FF2124 /* RIBs */ = {
			isa = XCSwiftPackageProductDependency;
			package = EECB9AF227E034C000FF2124 /* XCRemoteSwiftPackageReference "RIBs" */;
			productName = RIBs;
		};
		EEEA2C5727D9E41500356B33 /* RxGesture */ = {
			isa = XCSwiftPackageProductDependency;
			package = EEEA2C5627D9E41500356B33 /* XCRemoteSwiftPackageReference "RxGesture" */;
			productName = RxGesture;
		};
		EEEA2C5A27D9E42300356B33 /* Then */ = {
			isa = XCSwiftPackageProductDependency;
			package = EEEA2C5927D9E42300356B33 /* XCRemoteSwiftPackageReference "Then" */;
			productName = Then;
		};
		EEEA2C6827D9E46F00356B33 /* PinLayout */ = {
			isa = XCSwiftPackageProductDependency;
			package = EEEA2C6727D9E46F00356B33 /* XCRemoteSwiftPackageReference "PinLayout" */;
			productName = PinLayout;
		};
/* End XCSwiftPackageProductDependency section */
	};
	rootObject = EEEA2C3427D9DCE000356B33 /* Project object */;
}
